
Microsoft Visual Studio Solution File, Format Version 12.00
# Visual Studio Version 17
VisualStudioVersion = 17.13.35828.75
MinimumVisualStudioVersion = 10.0.40219.1
Project("{8BC9CEB8-8B4A-11D0-8D11-00A0C91BC942}") = "inheritance", "inheritance\inheritance.vcxproj", "{2AD93B2F-59BA-4C62-9634-E1FA335B0C0A}"
EndProject
Project("{8BC9CEB8-8B4A-11D0-8D11-00A0C91BC942}") = "Academy", "Academy\Academy.vcxproj", "{1995BEFF-F7F1-4242-83E2-53F9A387CF97}"
EndProject
Project("{8BC9CEB8-8B4A-11D0-8D11-00A0C91BC942}") = "File", "File\File.vcxproj", "{31CBF2B9-4544-42E7-A602-CCF810315014}"
EndProject
Global
	GlobalSection(SolutionConfigurationPlatforms) = preSolution
		Debug|x64 = Debug|x64
		Debug|x86 = Debug|x86
		Release|x64 = Release|x64
		Release|x86 = Release|x86
	EndGlobalSection
	GlobalSection(ProjectConfigurationPlatforms) = postSolution
		{2AD93B2F-59BA-4C62-9634-E1FA335B0C0A}.Debug|x64.ActiveCfg = Debug|x64
		{2AD93B2F-59BA-4C62-9634-E1FA335B0C0A}.Debug|x64.Build.0 = Debug|x64
		{2AD93B2F-59BA-4C62-9634-E1FA335B0C0A}.Debug|x86.ActiveCfg = Debug|Win32
		{2AD93B2F-59BA-4C62-9634-E1FA335B0C0A}.Debug|x86.Build.0 = Debug|Win32
		{2AD93B2F-59BA-4C62-9634-E1FA335B0C0A}.Release|x64.ActiveCfg = Release|x64
		{2AD93B2F-59BA-4C62-9634-E1FA335B0C0A}.Release|x64.Build.0 = Release|x64
		{2AD93B2F-59BA-4C62-9634-E1FA335B0C0A}.Release|x86.ActiveCfg = Release|Win32
		{2AD93B2F-59BA-4C62-9634-E1FA335B0C0A}.Release|x86.Build.0 = Release|Win32
		{1995BEFF-F7F1-4242-83E2-53F9A387CF97}.Debug|x64.ActiveCfg = Debug|x64
		{1995BEFF-F7F1-4242-83E2-53F9A387CF97}.Debug|x64.Build.0 = Debug|x64
		{1995BEFF-F7F1-4242-83E2-53F9A387CF97}.Debug|x86.ActiveCfg = Debug|Win32
		{1995BEFF-F7F1-4242-83E2-53F9A387CF97}.Debug|x86.Build.0 = Debug|Win32
		{1995BEFF-F7F1-4242-83E2-53F9A387CF97}.Release|x64.ActiveCfg = Release|x64
		{1995BEFF-F7F1-4242-83E2-53F9A387CF97}.Release|x64.Build.0 = Release|x64
		{1995BEFF-F7F1-4242-83E2-53F9A387CF97}.Release|x86.ActiveCfg = Release|Win32
		{1995BEFF-F7F1-4242-83E2-53F9A387CF97}.Release|x86.Build.0 = Release|Win32
		{31CBF2B9-4544-42E7-A602-CCF810315014}.Debug|x64.ActiveCfg = Debug|x64
		{31CBF2B9-4544-42E7-A602-CCF810315014}.Debug|x64.Build.0 = Debug|x64
		{31CBF2B9-4544-42E7-A602-CCF810315014}.Debug|x86.ActiveCfg = Debug|Win32
		{31CBF2B9-4544-42E7-A602-CCF810315014}.Debug|x86.Build.0 = Debug|Win32
		{31CBF2B9-4544-42E7-A602-CCF810315014}.Release|x64.ActiveCfg = Release|x64
		{31CBF2B9-4544-42E7-A602-CCF810315014}.Release|x64.Build.0 = Release|x64
		{31CBF2B9-4544-42E7-A602-CCF810315014}.Release|x86.ActiveCfg = Release|Win32
		{31CBF2B9-4544-42E7-A602-CCF810315014}.Release|x86.Build.0 = Release|Win32
	EndGlobalSection
	GlobalSection(SolutionProperties) = preSolution
		HideSolutionNode = FALSE
	EndGlobalSection
	GlobalSection(ExtensibilityGlobals) = postSolution
		SolutionGuid = {8C794A1E-63DA-476A-A93A-ED57886D9C7E}
	EndGlobalSection
EndGlobal
