
Microsoft Visual Studio Solution File, Format Version 12.00
# Visual Studio Version 17
VisualStudioVersion = 17.13.35828.75
MinimumVisualStudioVersion = 10.0.40219.1
Project("{8BC9CEB8-8B4A-11D0-8D11-00A0C91BC942}") = "inheritance", "inheritance\inheritance.vcxproj", "{2AD93B2F-59BA-4C62-9634-E1FA335B0C0A}"
EndProject
Project("{8BC9CEB8-8B4A-11D0-8D11-00A0C91BC942}") = "Academy", "Academy\Academy.vcxproj", "{1995BEFF-F7F1-4242-83E2-53F9A387CF97}"
EndProject
Project("{8BC9CEB8-8B4A-11D0-8D11-00A0C91BC942}") = "Zoo", "Zoo\Zoo.vcxproj", "{868106CF-5C7C-465F-9880-163FCCCBCEC8}"
EndProject
Project("{8BC9CEB8-8B4A-11D0-8D11-00A0C91BC942}") = "Data", "Data\Data.vcxproj", "{191F9CD5-44CF-4CC8-BAFF-0BBE7183E5B9}"
EndProject
Project("{8BC9CEB8-8B4A-11D0-8D11-00A0C91BC942}") = "Car", "Car\Car.vcxproj", "{58A22550-F69F-4594-A9B6-AF6CDC04D6DB}"
EndProject
Global
	GlobalSection(SolutionConfigurationPlatforms) = preSolution
		Debug|x64 = Debug|x64
		Debug|x86 = Debug|x86
		Release|x64 = Release|x64
		Release|x86 = Release|x86
	EndGlobalSection
	GlobalSection(ProjectConfigurationPlatforms) = postSolution
		{2AD93B2F-59BA-4C62-9634-E1FA335B0C0A}.Debug|x64.ActiveCfg = Debug|x64
		{2AD93B2F-59BA-4C62-9634-E1FA335B0C0A}.Debug|x64.Build.0 = Debug|x64
		{2AD93B2F-59BA-4C62-9634-E1FA335B0C0A}.Debug|x86.ActiveCfg = Debug|Win32
		{2AD93B2F-59BA-4C62-9634-E1FA335B0C0A}.Debug|x86.Build.0 = Debug|Win32
		{2AD93B2F-59BA-4C62-9634-E1FA335B0C0A}.Release|x64.ActiveCfg = Release|x64
		{2AD93B2F-59BA-4C62-9634-E1FA335B0C0A}.Release|x64.Build.0 = Release|x64
		{2AD93B2F-59BA-4C62-9634-E1FA335B0C0A}.Release|x86.ActiveCfg = Release|Win32
		{2AD93B2F-59BA-4C62-9634-E1FA335B0C0A}.Release|x86.Build.0 = Release|Win32
		{1995BEFF-F7F1-4242-83E2-53F9A387CF97}.Debug|x64.ActiveCfg = Debug|x64
		{1995BEFF-F7F1-4242-83E2-53F9A387CF97}.Debug|x64.Build.0 = Debug|x64
		{1995BEFF-F7F1-4242-83E2-53F9A387CF97}.Debug|x86.ActiveCfg = Debug|Win32
		{1995BEFF-F7F1-4242-83E2-53F9A387CF97}.Debug|x86.Build.0 = Debug|Win32
		{1995BEFF-F7F1-4242-83E2-53F9A387CF97}.Release|x64.ActiveCfg = Release|x64
		{1995BEFF-F7F1-4242-83E2-53F9A387CF97}.Release|x64.Build.0 = Release|x64
		{1995BEFF-F7F1-4242-83E2-53F9A387CF97}.Release|x86.ActiveCfg = Release|Win32
		{1995BEFF-F7F1-4242-83E2-53F9A387CF97}.Release|x86.Build.0 = Release|Win32
		{868106CF-5C7C-465F-9880-163FCCCBCEC8}.Debug|x64.ActiveCfg = Debug|x64
		{868106CF-5C7C-465F-9880-163FCCCBCEC8}.Debug|x64.Build.0 = Debug|x64
		{868106CF-5C7C-465F-9880-163FCCCBCEC8}.Debug|x86.ActiveCfg = Debug|Win32
		{868106CF-5C7C-465F-9880-163FCCCBCEC8}.Debug|x86.Build.0 = Debug|Win32
		{868106CF-5C7C-465F-9880-163FCCCBCEC8}.Release|x64.ActiveCfg = Release|x64
		{868106CF-5C7C-465F-9880-163FCCCBCEC8}.Release|x64.Build.0 = Release|x64
		{868106CF-5C7C-465F-9880-163FCCCBCEC8}.Release|x86.ActiveCfg = Release|Win32
		{868106CF-5C7C-465F-9880-163FCCCBCEC8}.Release|x86.Build.0 = Release|Win32
		{191F9CD5-44CF-4CC8-BAFF-0BBE7183E5B9}.Debug|x64.ActiveCfg = Debug|x64
		{191F9CD5-44CF-4CC8-BAFF-0BBE7183E5B9}.Debug|x64.Build.0 = Debug|x64
		{191F9CD5-44CF-4CC8-BAFF-0BBE7183E5B9}.Debug|x86.ActiveCfg = Debug|Win32
		{191F9CD5-44CF-4CC8-BAFF-0BBE7183E5B9}.Debug|x86.Build.0 = Debug|Win32
		{191F9CD5-44CF-4CC8-BAFF-0BBE7183E5B9}.Release|x64.ActiveCfg = Release|x64
		{191F9CD5-44CF-4CC8-BAFF-0BBE7183E5B9}.Release|x64.Build.0 = Release|x64
		{191F9CD5-44CF-4CC8-BAFF-0BBE7183E5B9}.Release|x86.ActiveCfg = Release|Win32
		{191F9CD5-44CF-4CC8-BAFF-0BBE7183E5B9}.Release|x86.Build.0 = Release|Win32
		{58A22550-F69F-4594-A9B6-AF6CDC04D6DB}.Debug|x64.ActiveCfg = Debug|x64
		{58A22550-F69F-4594-A9B6-AF6CDC04D6DB}.Debug|x64.Build.0 = Debug|x64
		{58A22550-F69F-4594-A9B6-AF6CDC04D6DB}.Debug|x86.ActiveCfg = Debug|Win32
		{58A22550-F69F-4594-A9B6-AF6CDC04D6DB}.Debug|x86.Build.0 = Debug|Win32
		{58A22550-F69F-4594-A9B6-AF6CDC04D6DB}.Release|x64.ActiveCfg = Release|x64
		{58A22550-F69F-4594-A9B6-AF6CDC04D6DB}.Release|x64.Build.0 = Release|x64
		{58A22550-F69F-4594-A9B6-AF6CDC04D6DB}.Release|x86.ActiveCfg = Release|Win32
		{58A22550-F69F-4594-A9B6-AF6CDC04D6DB}.Release|x86.Build.0 = Release|Win32
	EndGlobalSection
	GlobalSection(SolutionProperties) = preSolution
		HideSolutionNode = FALSE
	EndGlobalSection
	GlobalSection(ExtensibilityGlobals) = postSolution
		SolutionGuid = {8C794A1E-63DA-476A-A93A-ED57886D9C7E}
	EndGlobalSection
EndGlobal
